Microsoft Visual Studio Solution File, Format Version 12.00
# Visual Studio Version 17
VisualStudioVersion = 17.5.2.0
MinimumVisualStudioVersion = 10.0.40219.1
Project("{FAE04EC0-301F-11D3-BF4B-00C04F79EFBC}") = "TransportApp", "TransportApp.csproj", "{DCDCD3BE-4851-0D8E-41BF-73380FE63F45}"
EndProject
Global
	GlobalSection(SolutionConfigurationPlatforms) = preSolution
		Debug|Any CPU = Debug|Any CPU
		Release|Any CPU = Release|Any CPU
	EndGlobalSection
	GlobalSection(ProjectConfigurationPlatforms) = postSolution
		{DCDCD3BE-4851-0D8E-41BF-73380FE63F45}.Debug|Any CPU.ActiveCfg = Debug|Any CPU
		{DCDCD3BE-4851-0D8E-41BF-73380FE63F45}.Debug|Any CPU.Build.0 = Debug|Any CPU
		{DCDCD3BE-4851-0D8E-41BF-73380FE63F45}.Release|Any CPU.ActiveCfg = Release|Any CPU
		{DCDCD3BE-4851-0D8E-41BF-73380FE63F45}.Release|Any CPU.Build.0 = Release|Any CPU
	EndGlobalSection
	GlobalSection(SolutionProperties) = preSolution
		HideSolutionNode = FALSE
	EndGlobalSection
	GlobalSection(ExtensibilityGlobals) = postSolution
		SolutionGuid = {5C820739-33F3-4AD4-8473-B7C9880D7645}
	EndGlobalSection
EndGlobal
